
Microsoft Visual Studio Solution File, Format Version 12.00
# Visual Studio Version 17
VisualStudioVersion = 17.4.33213.308
MinimumVisualStudioVersion = 10.0.40219.1
Project("{2150E333-8FDC-42A3-9474-1A3956D46DE8}") = "FrontEnd", "FrontEnd", "{3D2940A2-B2E7-4446-BAB2-912D264C9FF7}"
EndProject
Project("{9A19103F-16F7-4668-BE54-9A1E7A4F7556}") = "Mango.Web", "Mango.Web\Mango.Web.csproj", "{2ACA3B39-D799-4EF0-BEFE-BFDB553C55FC}"
EndProject
Project("{2150E333-8FDC-42A3-9474-1A3956D46DE8}") = "Services", "Services", "{484C2E85-681A-4787-9F91-B63A45856369}"
EndProject
Project("{9A19103F-16F7-4668-BE54-9A1E7A4F7556}") = "Mango.Services.ProductAPI", "Mango.Services.ProductAPI\Mango.Services.ProductAPI.csproj", "{19122903-8EEF-40A6-930D-36342F1310F3}"
EndProject
Project("{9A19103F-16F7-4668-BE54-9A1E7A4F7556}") = "Mango.Services.Identity", "Mango.Services.Identity\Mango.Services.Identity.csproj", "{E0115BB3-E8AC-4103-A531-C845BF96E2E6}"
EndProject
Project("{9A19103F-16F7-4668-BE54-9A1E7A4F7556}") = "Mango.Services.ShoppingCartAPI", "Mango.Services.ShoppingCartAPI\Mango.Services.ShoppingCartAPI.csproj", "{1D55C452-5613-441F-A411-828C2E991A22}"
EndProject
Project("{9A19103F-16F7-4668-BE54-9A1E7A4F7556}") = "Mango.Services.CouponAPI", "Mango.Services.CuponAPI\Mango.Services.CouponAPI.csproj", "{25035C51-5E6E-4029-A183-986E5E06E895}"
EndProject
Project("{2150E333-8FDC-42A3-9474-1A3956D46DE8}") = "Integretion", "Integretion", "{3B3A4F6F-65F1-425A-9CE3-A4EB9E3550E8}"
EndProject
Project("{9A19103F-16F7-4668-BE54-9A1E7A4F7556}") = "Mango.MessageBus", "Mango.MessageBus\Mango.MessageBus.csproj", "{76146A0A-55DB-4F3D-B31C-BE9B3DBA7619}"
EndProject
Project("{9A19103F-16F7-4668-BE54-9A1E7A4F7556}") = "Mango.Services.OrderAPI", "OrderAPI\Mango.Services.OrderAPI.csproj", "{67F68E81-84E9-44C4-B2D0-A31F36424E6E}"
EndProject
Project("{2150E333-8FDC-42A3-9474-1A3956D46DE8}") = "Payments", "Payments", "{CC44B555-11F7-4D20-BC5C-7B53AB376D6E}"
EndProject
Project("{FAE04EC0-301F-11D3-BF4B-00C04F79EFBC}") = "PaymentProcessor", "PaymentProcessor\PaymentProcessor.csproj", "{76FEC32D-BFB0-44FB-96E0-88ACE86EBFBC}"
EndProject
Project("{FAE04EC0-301F-11D3-BF4B-00C04F79EFBC}") = "Mango.Services.PaymentAPI", "Mango.Services.PaymentAPI\Mango.Services.PaymentAPI.csproj", "{CB3A9DD2-49A9-43F9-B4E5-3E5F8ED62F7F}"
EndProject
Global
	GlobalSection(SolutionConfigurationPlatforms) = preSolution
		Debug|Any CPU = Debug|Any CPU
		Release|Any CPU = Release|Any CPU
	EndGlobalSection
	GlobalSection(ProjectConfigurationPlatforms) = postSolution
		{2ACA3B39-D799-4EF0-BEFE-BFDB553C55FC}.Debug|Any CPU.ActiveCfg = Debug|Any CPU
		{2ACA3B39-D799-4EF0-BEFE-BFDB553C55FC}.Debug|Any CPU.Build.0 = Debug|Any CPU
		{2ACA3B39-D799-4EF0-BEFE-BFDB553C55FC}.Release|Any CPU.ActiveCfg = Release|Any CPU
		{2ACA3B39-D799-4EF0-BEFE-BFDB553C55FC}.Release|Any CPU.Build.0 = Release|Any CPU
		{19122903-8EEF-40A6-930D-36342F1310F3}.Debug|Any CPU.ActiveCfg = Debug|Any CPU
		{19122903-8EEF-40A6-930D-36342F1310F3}.Debug|Any CPU.Build.0 = Debug|Any CPU
		{19122903-8EEF-40A6-930D-36342F1310F3}.Release|Any CPU.ActiveCfg = Release|Any CPU
		{19122903-8EEF-40A6-930D-36342F1310F3}.Release|Any CPU.Build.0 = Release|Any CPU
		{E0115BB3-E8AC-4103-A531-C845BF96E2E6}.Debug|Any CPU.ActiveCfg = Debug|Any CPU
		{E0115BB3-E8AC-4103-A531-C845BF96E2E6}.Debug|Any CPU.Build.0 = Debug|Any CPU
		{E0115BB3-E8AC-4103-A531-C845BF96E2E6}.Release|Any CPU.ActiveCfg = Release|Any CPU
		{E0115BB3-E8AC-4103-A531-C845BF96E2E6}.Release|Any CPU.Build.0 = Release|Any CPU
		{1D55C452-5613-441F-A411-828C2E991A22}.Debug|Any CPU.ActiveCfg = Debug|Any CPU
		{1D55C452-5613-441F-A411-828C2E991A22}.Debug|Any CPU.Build.0 = Debug|Any CPU
		{1D55C452-5613-441F-A411-828C2E991A22}.Release|Any CPU.ActiveCfg = Release|Any CPU
		{1D55C452-5613-441F-A411-828C2E991A22}.Release|Any CPU.Build.0 = Release|Any CPU
		{25035C51-5E6E-4029-A183-986E5E06E895}.Debug|Any CPU.ActiveCfg = Debug|Any CPU
		{25035C51-5E6E-4029-A183-986E5E06E895}.Debug|Any CPU.Build.0 = Debug|Any CPU
		{25035C51-5E6E-4029-A183-986E5E06E895}.Release|Any CPU.ActiveCfg = Release|Any CPU
		{25035C51-5E6E-4029-A183-986E5E06E895}.Release|Any CPU.Build.0 = Release|Any CPU
		{76146A0A-55DB-4F3D-B31C-BE9B3DBA7619}.Debug|Any CPU.ActiveCfg = Debug|Any CPU
		{76146A0A-55DB-4F3D-B31C-BE9B3DBA7619}.Debug|Any CPU.Build.0 = Debug|Any CPU
		{76146A0A-55DB-4F3D-B31C-BE9B3DBA7619}.Release|Any CPU.ActiveCfg = Release|Any CPU
		{76146A0A-55DB-4F3D-B31C-BE9B3DBA7619}.Release|Any CPU.Build.0 = Release|Any CPU
		{67F68E81-84E9-44C4-B2D0-A31F36424E6E}.Debug|Any CPU.ActiveCfg = Debug|Any CPU
		{67F68E81-84E9-44C4-B2D0-A31F36424E6E}.Debug|Any CPU.Build.0 = Debug|Any CPU
		{67F68E81-84E9-44C4-B2D0-A31F36424E6E}.Release|Any CPU.ActiveCfg = Release|Any CPU
		{67F68E81-84E9-44C4-B2D0-A31F36424E6E}.Release|Any CPU.Build.0 = Release|Any CPU
		{76FEC32D-BFB0-44FB-96E0-88ACE86EBFBC}.Debug|Any CPU.ActiveCfg = Debug|Any CPU
		{76FEC32D-BFB0-44FB-96E0-88ACE86EBFBC}.Debug|Any CPU.Build.0 = Debug|Any CPU
		{76FEC32D-BFB0-44FB-96E0-88ACE86EBFBC}.Release|Any CPU.ActiveCfg = Release|Any CPU
		{76FEC32D-BFB0-44FB-96E0-88ACE86EBFBC}.Release|Any CPU.Build.0 = Release|Any CPU
		{CB3A9DD2-49A9-43F9-B4E5-3E5F8ED62F7F}.Debug|Any CPU.ActiveCfg = Debug|Any CPU
		{CB3A9DD2-49A9-43F9-B4E5-3E5F8ED62F7F}.Debug|Any CPU.Build.0 = Debug|Any CPU
		{CB3A9DD2-49A9-43F9-B4E5-3E5F8ED62F7F}.Release|Any CPU.ActiveCfg = Release|Any CPU
		{CB3A9DD2-49A9-43F9-B4E5-3E5F8ED62F7F}.Release|Any CPU.Build.0 = Release|Any CPU
	EndGlobalSection
	GlobalSection(SolutionProperties) = preSolution
		HideSolutionNode = FALSE
	EndGlobalSection
	GlobalSection(NestedProjects) = preSolution
		{2ACA3B39-D799-4EF0-BEFE-BFDB553C55FC} = {3D2940A2-B2E7-4446-BAB2-912D264C9FF7}
		{19122903-8EEF-40A6-930D-36342F1310F3} = {484C2E85-681A-4787-9F91-B63A45856369}
		{E0115BB3-E8AC-4103-A531-C845BF96E2E6} = {484C2E85-681A-4787-9F91-B63A45856369}
		{1D55C452-5613-441F-A411-828C2E991A22} = {484C2E85-681A-4787-9F91-B63A45856369}
		{25035C51-5E6E-4029-A183-986E5E06E895} = {484C2E85-681A-4787-9F91-B63A45856369}
		{76146A0A-55DB-4F3D-B31C-BE9B3DBA7619} = {3B3A4F6F-65F1-425A-9CE3-A4EB9E3550E8}
		{67F68E81-84E9-44C4-B2D0-A31F36424E6E} = {484C2E85-681A-4787-9F91-B63A45856369}
		{76FEC32D-BFB0-44FB-96E0-88ACE86EBFBC} = {CC44B555-11F7-4D20-BC5C-7B53AB376D6E}
		{CB3A9DD2-49A9-43F9-B4E5-3E5F8ED62F7F} = {484C2E85-681A-4787-9F91-B63A45856369}
	EndGlobalSection
	GlobalSection(ExtensibilityGlobals) = postSolution
		SolutionGuid = {1E4D84C9-3E11-4955-BFDD-7D799D1C06DA}
	EndGlobalSection
EndGlobal
