
Microsoft Visual Studio Solution File, Format Version 12.00
# Visual Studio Version 17
VisualStudioVersion = 17.4.33213.308
MinimumVisualStudioVersion = 10.0.40219.1
Project("{2150E333-8FDC-42A3-9474-1A3956D46DE8}") = "FrontEnd", "FrontEnd", "{3D2940A2-B2E7-4446-BAB2-912D264C9FF7}"
EndProject
Project("{FAE04EC0-301F-11D3-BF4B-00C04F79EFBC}") = "Mango.Web", "Mango.Web\Mango.Web.csproj", "{2ACA3B39-D799-4EF0-BEFE-BFDB553C55FC}"
EndProject
Global
	GlobalSection(SolutionConfigurationPlatforms) = preSolution
		Debug|Any CPU = Debug|Any CPU
		Release|Any CPU = Release|Any CPU
	EndGlobalSection
	GlobalSection(ProjectConfigurationPlatforms) = postSolution
		{2ACA3B39-D799-4EF0-BEFE-BFDB553C55FC}.Debug|Any CPU.ActiveCfg = Debug|Any CPU
		{2ACA3B39-D799-4EF0-BEFE-BFDB553C55FC}.Debug|Any CPU.Build.0 = Debug|Any CPU
		{2ACA3B39-D799-4EF0-BEFE-BFDB553C55FC}.Release|Any CPU.ActiveCfg = Release|Any CPU
		{2ACA3B39-D799-4EF0-BEFE-BFDB553C55FC}.Release|Any CPU.Build.0 = Release|Any CPU
	EndGlobalSection
	GlobalSection(SolutionProperties) = preSolution
		HideSolutionNode = FALSE
	EndGlobalSection
	GlobalSection(NestedProjects) = preSolution
		{2ACA3B39-D799-4EF0-BEFE-BFDB553C55FC} = {3D2940A2-B2E7-4446-BAB2-912D264C9FF7}
	EndGlobalSection
	GlobalSection(ExtensibilityGlobals) = postSolution
		SolutionGuid = {1E4D84C9-3E11-4955-BFDD-7D799D1C06DA}
	EndGlobalSection
EndGlobal
